
Microsoft Visual Studio Solution File, Format Version 12.00
# Visual Studio Version 17
VisualStudioVersion = 17.7.34031.279
MinimumVisualStudioVersion = 10.0.40219.1
Project("{FAE04EC0-301F-11D3-BF4B-00C04F79EFBC}") = "WebApplicationweb", "WebApplicationweb\WebApplicationweb.csproj", "{E2BDB73B-3398-467E-92B2-F4D5D1010D7C}"
EndProject
Global
	GlobalSection(SolutionConfigurationPlatforms) = preSolution
		Debug|Any CPU = Debug|Any CPU
		Release|Any CPU = Release|Any CPU
	EndGlobalSection
	GlobalSection(ProjectConfigurationPlatforms) = postSolution
		{E2BDB73B-3398-467E-92B2-F4D5D1010D7C}.Debug|Any CPU.ActiveCfg = Debug|Any CPU
		{E2BDB73B-3398-467E-92B2-F4D5D1010D7C}.Debug|Any CPU.Build.0 = Debug|Any CPU
		{E2BDB73B-3398-467E-92B2-F4D5D1010D7C}.Release|Any CPU.ActiveCfg = Release|Any CPU
		{E2BDB73B-3398-467E-92B2-F4D5D1010D7C}.Release|Any CPU.Build.0 = Release|Any CPU
	EndGlobalSection
	GlobalSection(SolutionProperties) = preSolution
		HideSolutionNode = FALSE
	EndGlobalSection
	GlobalSection(ExtensibilityGlobals) = postSolution
		SolutionGuid = {3900A026-A861-4F12-AFFE-5DD0B89C48E5}
	EndGlobalSection
EndGlobal
